// !$*UTF8*$!
{
	archiveVersion = 1;
	classes = {
	};
	objectVersion = 50;
	objects = {

/* Begin PBXBuildFile section */
		BA281BA72288C6B70026E18A /* GerritApp.xcdatamodeld in Sources */ = {isa = PBXBuildFile; fileRef = BA281BA52288C6B70026E18A /* GerritApp.xcdatamodeld */; };
		BA281BBB2288CE390026E18A /* SLLCoreDataService.m in Sources */ = {isa = PBXBuildFile; fileRef = BA281BBA2288CE390026E18A /* SLLCoreDataService.m */; };
		BA281BC02288DDD10026E18A /* SLLAccountCoreData+CoreDataClass.m in Sources */ = {isa = PBXBuildFile; fileRef = BA281BBE2288DDD10026E18A /* SLLAccountCoreData+CoreDataClass.m */; };
		BA281BC12288DDD10026E18A /* SLLAccountCoreData+CoreDataProperties.m in Sources */ = {isa = PBXBuildFile; fileRef = BA281BBF2288DDD10026E18A /* SLLAccountCoreData+CoreDataProperties.m */; };
		BA28345A22921C7A00D21623 /* SLLProject.m in Sources */ = {isa = PBXBuildFile; fileRef = BA28345922921C7A00D21623 /* SLLProject.m */; };
		BA28345D22921D2F00D21623 /* SLLProjectsTableViewCell.m in Sources */ = {isa = PBXBuildFile; fileRef = BA28345B22921D2F00D21623 /* SLLProjectsTableViewCell.m */; };
		BA283463229242A100D21623 /* SLLAccountInteractor.m in Sources */ = {isa = PBXBuildFile; fileRef = BA283462229242A100D21623 /* SLLAccountInteractor.m */; };
		BA283466229242DA00D21623 /* SLLAccountPresenter.m in Sources */ = {isa = PBXBuildFile; fileRef = BA283465229242DA00D21623 /* SLLAccountPresenter.m */; };
		BA2AFF58227F9CD400C7B37E /* SLLChangesPresenter.m in Sources */ = {isa = PBXBuildFile; fileRef = BA2AFF57227F9CD400C7B37E /* SLLChangesPresenter.m */; };
		BA2AFF5B227FA35B00C7B37E /* SLLRootCoordinator.m in Sources */ = {isa = PBXBuildFile; fileRef = BA2AFF5A227FA35B00C7B37E /* SLLRootCoordinator.m */; };
		BA2AFF5F22800F3E00C7B37E /* SLLChangesTableViewCell.m in Sources */ = {isa = PBXBuildFile; fileRef = BA2AFF5E22800F3E00C7B37E /* SLLChangesTableViewCell.m */; };
		BA2AFF6322805DA000C7B37E /* UIColor+SLLColors.m in Sources */ = {isa = PBXBuildFile; fileRef = BA2AFF6222805DA000C7B37E /* UIColor+SLLColors.m */; };
		BA2AFF6622805EA800C7B37E /* CAGradientLayer+SLLGradients.m in Sources */ = {isa = PBXBuildFile; fileRef = BA2AFF6522805EA800C7B37E /* CAGradientLayer+SLLGradients.m */; };
		BA2D99EA223807EE006960C6 /* SLLNetworkService.m in Sources */ = {isa = PBXBuildFile; fileRef = BA2D99E9223807EE006960C6 /* SLLNetworkService.m */; };
		BA355BB92228247F00EB90C4 /* AppDelegate.m in Sources */ = {isa = PBXBuildFile; fileRef = BA355BB82228247F00EB90C4 /* AppDelegate.m */; };
		BA355BBC2228247F00EB90C4 /* SLLAccountViewController.m in Sources */ = {isa = PBXBuildFile; fileRef = BA355BBB2228247F00EB90C4 /* SLLAccountViewController.m */; };
		BA355BC12228248100EB90C4 /* Assets.xcassets in Resources */ = {isa = PBXBuildFile; fileRef = BA355BC02228248100EB90C4 /* Assets.xcassets */; };
		BA355BC72228248100EB90C4 /* main.m in Sources */ = {isa = PBXBuildFile; fileRef = BA355BC62228248100EB90C4 /* main.m */; };
		BA37418C226E5EA20081591A /* SLLNetworkCreateURL.m in Sources */ = {isa = PBXBuildFile; fileRef = BA37418B226E5EA20081591A /* SLLNetworkCreateURL.m */; };
		BA374191226E67760081591A /* SLLChangeViewController.m in Sources */ = {isa = PBXBuildFile; fileRef = BA374190226E67760081591A /* SLLChangeViewController.m */; };
		BA374194226E678B0081591A /* SLLProjectsViewController.m in Sources */ = {isa = PBXBuildFile; fileRef = BA374193226E678B0081591A /* SLLProjectsViewController.m */; };
		BA3D8E2B22934674005D1B2A /* GoogleSignInDependencies.framework in Frameworks */ = {isa = PBXBuildFile; fileRef = BA3D8E2822934673005D1B2A /* GoogleSignInDependencies.framework */; };
		BA3D8E2C22934674005D1B2A /* GoogleSignIn.framework in Frameworks */ = {isa = PBXBuildFile; fileRef = BA3D8E2922934673005D1B2A /* GoogleSignIn.framework */; };
		BA3D8E33229348F6005D1B2A /* GoogleService-Info.plist in Resources */ = {isa = PBXBuildFile; fileRef = BA2D99EB22380832006960C6 /* GoogleService-Info.plist */; };
		BA3D8E3522934984005D1B2A /* GoogleSignIn.bundle in Resources */ = {isa = PBXBuildFile; fileRef = BA3D8E3422934984005D1B2A /* GoogleSignIn.bundle */; };
		BA3D8E37229349C2005D1B2A /* OCMock.framework in Frameworks */ = {isa = PBXBuildFile; fileRef = BA3D8E36229349C2005D1B2A /* OCMock.framework */; };
		BA3D8E3822934A8D005D1B2A /* OCMock.framework in CopyFiles */ = {isa = PBXBuildFile; fileRef = BA3D8E36229349C2005D1B2A /* OCMock.framework */; settings = {ATTRIBUTES = (CodeSignOnCopy, RemoveHeadersOnCopy, ); }; };
		BA901A5B2281CEDB0088BF22 /* SLLChangesRouter.m in Sources */ = {isa = PBXBuildFile; fileRef = BA901A5A2281CEDB0088BF22 /* SLLChangesRouter.m */; };
		BA901A5E228226810088BF22 /* SLLProjectsRouter.m in Sources */ = {isa = PBXBuildFile; fileRef = BA901A5D228226810088BF22 /* SLLProjectsRouter.m */; };
		BA901A612282269C0088BF22 /* SLLAccountRouter.m in Sources */ = {isa = PBXBuildFile; fileRef = BA901A602282269C0088BF22 /* SLLAccountRouter.m */; };
		BA901A6422823DD80088BF22 /* SLLChangesInteractor.m in Sources */ = {isa = PBXBuildFile; fileRef = BA901A6322823DD80088BF22 /* SLLChangesInteractor.m */; };
		BA901A69228244E10088BF22 /* SLLChangesAssembly.m in Sources */ = {isa = PBXBuildFile; fileRef = BA901A68228244E10088BF22 /* SLLChangesAssembly.m */; };
		BA901A6C22824D240088BF22 /* SLLChangesDetailViewController.m in Sources */ = {isa = PBXBuildFile; fileRef = BA901A6B22824D240088BF22 /* SLLChangesDetailViewController.m */; };
		BA91F181228336EE0081B509 /* SLLProjectsAssembly.m in Sources */ = {isa = PBXBuildFile; fileRef = BA91F180228336EE0081B509 /* SLLProjectsAssembly.m */; };
		BA91F1842283382E0081B509 /* SLLAccountAssembly.m in Sources */ = {isa = PBXBuildFile; fileRef = BA91F1832283382E0081B509 /* SLLAccountAssembly.m */; };
		BA91F18B22834B620081B509 /* SLLChange.m in Sources */ = {isa = PBXBuildFile; fileRef = BA91F18A22834B620081B509 /* SLLChange.m */; };
		BA91F18E22849B120081B509 /* SLLAccount.m in Sources */ = {isa = PBXBuildFile; fileRef = BA91F18D22849B120081B509 /* SLLAccount.m */; };
		BAA8FC7F228EE36A009EA4CA /* SLLProjectsPresenter.m in Sources */ = {isa = PBXBuildFile; fileRef = BAA8FC7E228EE36A009EA4CA /* SLLProjectsPresenter.m */; };
		BAA8FC83228EE62D009EA4CA /* SLLProjectsInteractor.m in Sources */ = {isa = PBXBuildFile; fileRef = BAA8FC82228EE62D009EA4CA /* SLLProjectsInteractor.m */; };
		BAC354E4228C6ABA00644FB7 /* SLLNetworkCreateURLTest.m in Sources */ = {isa = PBXBuildFile; fileRef = BAC354E3228C6ABA00644FB7 /* SLLNetworkCreateURLTest.m */; };
		BAC354E7228CA79300644FB7 /* SLLNetworkServiceTest.m in Sources */ = {isa = PBXBuildFile; fileRef = BAC354E6228CA79300644FB7 /* SLLNetworkServiceTest.m */; };
/* End PBXBuildFile section */

/* Begin PBXContainerItemProxy section */
		BABC240E227395DA006128BD /* PBXContainerItemProxy */ = {
			isa = PBXContainerItemProxy;
			containerPortal = BA355BAC2228247F00EB90C4 /* Project object */;
			proxyType = 1;
			remoteGlobalIDString = BA355BB32228247F00EB90C4;
			remoteInfo = GerritApp;
		};
/* End PBXContainerItemProxy section */

/* Begin PBXCopyFilesBuildPhase section */
		BA2834742292DE0E00D21623 /* CopyFiles */ = {
			isa = PBXCopyFilesBuildPhase;
			buildActionMask = 2147483647;
			dstPath = "";
			dstSubfolderSpec = 10;
			files = (
			);
			runOnlyForDeploymentPostprocessing = 0;
		};
		BAC354FA228CB85800644FB7 /* CopyFiles */ = {
			isa = PBXCopyFilesBuildPhase;
			buildActionMask = 2147483647;
			dstPath = "";
			dstSubfolderSpec = 10;
			files = (
				BA3D8E3822934A8D005D1B2A /* OCMock.framework in CopyFiles */,
			);
			runOnlyForDeploymentPostprocessing = 0;
		};
/* End PBXCopyFilesBuildPhase section */

/* Begin PBXFileReference section */
		BA281BA62288C6B70026E18A /* SLLGerrit.xcdatamodel */ = {isa = PBXFileReference; lastKnownFileType = wrapper.xcdatamodel; path = SLLGerrit.xcdatamodel; sourceTree = "<group>"; };
		BA281BB92288CE390026E18A /* SLLCoreDataService.h */ = {isa = PBXFileReference; lastKnownFileType = sourcecode.c.h; path = SLLCoreDataService.h; sourceTree = "<group>"; };
		BA281BBA2288CE390026E18A /* SLLCoreDataService.m */ = {isa = PBXFileReference; lastKnownFileType = sourcecode.c.objc; path = SLLCoreDataService.m; sourceTree = "<group>"; };
		BA281BBC2288DDD10026E18A /* SLLAccountCoreData+CoreDataProperties.h */ = {isa = PBXFileReference; lastKnownFileType = sourcecode.c.h; path = "SLLAccountCoreData+CoreDataProperties.h"; sourceTree = "<group>"; };
		BA281BBD2288DDD10026E18A /* SLLAccountCoreData+CoreDataClass.h */ = {isa = PBXFileReference; lastKnownFileType = sourcecode.c.h; path = "SLLAccountCoreData+CoreDataClass.h"; sourceTree = "<group>"; };
		BA281BBE2288DDD10026E18A /* SLLAccountCoreData+CoreDataClass.m */ = {isa = PBXFileReference; lastKnownFileType = sourcecode.c.objc; path = "SLLAccountCoreData+CoreDataClass.m"; sourceTree = "<group>"; };
		BA281BBF2288DDD10026E18A /* SLLAccountCoreData+CoreDataProperties.m */ = {isa = PBXFileReference; lastKnownFileType = sourcecode.c.objc; path = "SLLAccountCoreData+CoreDataProperties.m"; sourceTree = "<group>"; };
		BA281BC22288E7340026E18A /* SLLCoreDataProtocol.h */ = {isa = PBXFileReference; lastKnownFileType = sourcecode.c.h; path = SLLCoreDataProtocol.h; sourceTree = "<group>"; };
		BA28345822921C7900D21623 /* SLLProject.h */ = {isa = PBXFileReference; fileEncoding = 4; lastKnownFileType = sourcecode.c.h; name = SLLProject.h; path = GerritApp/SLLProject.h; sourceTree = SOURCE_ROOT; };
		BA28345922921C7A00D21623 /* SLLProject.m */ = {isa = PBXFileReference; fileEncoding = 4; lastKnownFileType = sourcecode.c.objc; name = SLLProject.m; path = GerritApp/SLLProject.m; sourceTree = SOURCE_ROOT; };
		BA28345B22921D2F00D21623 /* SLLProjectsTableViewCell.m */ = {isa = PBXFileReference; fileEncoding = 4; lastKnownFileType = sourcecode.c.objc; path = SLLProjectsTableViewCell.m; sourceTree = "<group>"; };
		BA28345C22921D2F00D21623 /* SLLProjectsTableViewCell.h */ = {isa = PBXFileReference; fileEncoding = 4; lastKnownFileType = sourcecode.c.h; path = SLLProjectsTableViewCell.h; sourceTree = "<group>"; };
		BA28345F2292425600D21623 /* SLLAccountRouterProtocol.h */ = {isa = PBXFileReference; lastKnownFileType = sourcecode.c.h; path = SLLAccountRouterProtocol.h; sourceTree = "<group>"; };
		BA2834602292428500D21623 /* SLLAccountInteractorProtocol.h */ = {isa = PBXFileReference; lastKnownFileType = sourcecode.c.h; path = SLLAccountInteractorProtocol.h; sourceTree = "<group>"; };
		BA283461229242A100D21623 /* SLLAccountInteractor.h */ = {isa = PBXFileReference; lastKnownFileType = sourcecode.c.h; path = SLLAccountInteractor.h; sourceTree = "<group>"; };
		BA283462229242A100D21623 /* SLLAccountInteractor.m */ = {isa = PBXFileReference; lastKnownFileType = sourcecode.c.objc; path = SLLAccountInteractor.m; sourceTree = "<group>"; };
		BA283464229242DA00D21623 /* SLLAccountPresenter.h */ = {isa = PBXFileReference; lastKnownFileType = sourcecode.c.h; path = SLLAccountPresenter.h; sourceTree = "<group>"; };
		BA283465229242DA00D21623 /* SLLAccountPresenter.m */ = {isa = PBXFileReference; lastKnownFileType = sourcecode.c.objc; path = SLLAccountPresenter.m; sourceTree = "<group>"; };
		BA283467229242F600D21623 /* SLLAccountPresenterProtocol.h */ = {isa = PBXFileReference; lastKnownFileType = sourcecode.c.h; path = SLLAccountPresenterProtocol.h; sourceTree = "<group>"; };
		BA2AFF56227F9CD400C7B37E /* SLLChangesPresenter.h */ = {isa = PBXFileReference; lastKnownFileType = sourcecode.c.h; path = SLLChangesPresenter.h; sourceTree = "<group>"; };
		BA2AFF57227F9CD400C7B37E /* SLLChangesPresenter.m */ = {isa = PBXFileReference; lastKnownFileType = sourcecode.c.objc; path = SLLChangesPresenter.m; sourceTree = "<group>"; };
		BA2AFF59227FA35B00C7B37E /* SLLRootCoordinator.h */ = {isa = PBXFileReference; lastKnownFileType = sourcecode.c.h; path = SLLRootCoordinator.h; sourceTree = "<group>"; };
		BA2AFF5A227FA35B00C7B37E /* SLLRootCoordinator.m */ = {isa = PBXFileReference; lastKnownFileType = sourcecode.c.objc; path = SLLRootCoordinator.m; sourceTree = "<group>"; };
		BA2AFF5C227FAEE100C7B37E /* SLLChangesPresenterProtocol.h */ = {isa = PBXFileReference; lastKnownFileType = sourcecode.c.h; path = SLLChangesPresenterProtocol.h; sourceTree = "<group>"; };
		BA2AFF5D22800F3E00C7B37E /* SLLChangesTableViewCell.h */ = {isa = PBXFileReference; lastKnownFileType = sourcecode.c.h; path = SLLChangesTableViewCell.h; sourceTree = "<group>"; };
		BA2AFF5E22800F3E00C7B37E /* SLLChangesTableViewCell.m */ = {isa = PBXFileReference; lastKnownFileType = sourcecode.c.objc; path = SLLChangesTableViewCell.m; sourceTree = "<group>"; };
		BA2AFF6122805DA000C7B37E /* UIColor+SLLColors.h */ = {isa = PBXFileReference; lastKnownFileType = sourcecode.c.h; path = "UIColor+SLLColors.h"; sourceTree = "<group>"; };
		BA2AFF6222805DA000C7B37E /* UIColor+SLLColors.m */ = {isa = PBXFileReference; lastKnownFileType = sourcecode.c.objc; path = "UIColor+SLLColors.m"; sourceTree = "<group>"; };
		BA2AFF6422805EA800C7B37E /* CAGradientLayer+SLLGradients.h */ = {isa = PBXFileReference; lastKnownFileType = sourcecode.c.h; path = "CAGradientLayer+SLLGradients.h"; sourceTree = "<group>"; };
		BA2AFF6522805EA800C7B37E /* CAGradientLayer+SLLGradients.m */ = {isa = PBXFileReference; lastKnownFileType = sourcecode.c.objc; path = "CAGradientLayer+SLLGradients.m"; sourceTree = "<group>"; };
		BA2CF33322316E9F001EE0C7 /* SLLNetworkProtocol.h */ = {isa = PBXFileReference; lastKnownFileType = sourcecode.c.h; path = SLLNetworkProtocol.h; sourceTree = "<group>"; };
		BA2D99E8223807EE006960C6 /* SLLNetworkService.h */ = {isa = PBXFileReference; lastKnownFileType = sourcecode.c.h; path = SLLNetworkService.h; sourceTree = "<group>"; };
		BA2D99E9223807EE006960C6 /* SLLNetworkService.m */ = {isa = PBXFileReference; lastKnownFileType = sourcecode.c.objc; path = SLLNetworkService.m; sourceTree = "<group>"; };
		BA2D99EB22380832006960C6 /* GoogleService-Info.plist */ = {isa = PBXFileReference; fileEncoding = 4; lastKnownFileType = text.plist.xml; path = "GoogleService-Info.plist"; sourceTree = "<group>"; };
		BA355BB42228247F00EB90C4 /* GerritApp.app */ = {isa = PBXFileReference; explicitFileType = wrapper.application; includeInIndex = 0; path = GerritApp.app; sourceTree = BUILT_PRODUCTS_DIR; };
		BA355BB72228247F00EB90C4 /* AppDelegate.h */ = {isa = PBXFileReference; lastKnownFileType = sourcecode.c.h; path = AppDelegate.h; sourceTree = "<group>"; };
		BA355BB82228247F00EB90C4 /* AppDelegate.m */ = {isa = PBXFileReference; lastKnownFileType = sourcecode.c.objc; path = AppDelegate.m; sourceTree = "<group>"; };
		BA355BBA2228247F00EB90C4 /* SLLAccountViewController.h */ = {isa = PBXFileReference; lastKnownFileType = sourcecode.c.h; path = SLLAccountViewController.h; sourceTree = "<group>"; };
		BA355BBB2228247F00EB90C4 /* SLLAccountViewController.m */ = {isa = PBXFileReference; lastKnownFileType = sourcecode.c.objc; path = SLLAccountViewController.m; sourceTree = "<group>"; };
		BA355BC02228248100EB90C4 /* Assets.xcassets */ = {isa = PBXFileReference; lastKnownFileType = folder.assetcatalog; path = Assets.xcassets; sourceTree = "<group>"; };
		BA355BC52228248100EB90C4 /* Info.plist */ = {isa = PBXFileReference; lastKnownFileType = text.plist.xml; path = Info.plist; sourceTree = "<group>"; };
		BA355BC62228248100EB90C4 /* main.m */ = {isa = PBXFileReference; lastKnownFileType = sourcecode.c.objc; path = main.m; sourceTree = "<group>"; };
		BA37418A226E5EA20081591A /* SLLNetworkCreateURL.h */ = {isa = PBXFileReference; lastKnownFileType = sourcecode.c.h; path = SLLNetworkCreateURL.h; sourceTree = "<group>"; };
		BA37418B226E5EA20081591A /* SLLNetworkCreateURL.m */ = {isa = PBXFileReference; lastKnownFileType = sourcecode.c.objc; path = SLLNetworkCreateURL.m; sourceTree = "<group>"; };
		BA37418F226E67760081591A /* SLLChangeViewController.h */ = {isa = PBXFileReference; lastKnownFileType = sourcecode.c.h; path = SLLChangeViewController.h; sourceTree = "<group>"; };
		BA374190226E67760081591A /* SLLChangeViewController.m */ = {isa = PBXFileReference; lastKnownFileType = sourcecode.c.objc; path = SLLChangeViewController.m; sourceTree = "<group>"; };
		BA374192226E678B0081591A /* SLLProjectsViewController.h */ = {isa = PBXFileReference; lastKnownFileType = sourcecode.c.h; path = SLLProjectsViewController.h; sourceTree = "<group>"; };
		BA374193226E678B0081591A /* SLLProjectsViewController.m */ = {isa = PBXFileReference; lastKnownFileType = sourcecode.c.objc; path = SLLProjectsViewController.m; sourceTree = "<group>"; };
		BA3D8E2822934673005D1B2A /* GoogleSignInDependencies.framework */ = {isa = PBXFileReference; lastKnownFileType = wrapper.framework; path = GoogleSignInDependencies.framework; sourceTree = "<group>"; };
		BA3D8E2922934673005D1B2A /* GoogleSignIn.framework */ = {isa = PBXFileReference; lastKnownFileType = wrapper.framework; path = GoogleSignIn.framework; sourceTree = "<group>"; };
		BA3D8E3422934984005D1B2A /* GoogleSignIn.bundle */ = {isa = PBXFileReference; lastKnownFileType = "wrapper.plug-in"; name = GoogleSignIn.bundle; path = lib/GoogleSignIn.bundle; sourceTree = "<group>"; };
		BA3D8E36229349C2005D1B2A /* OCMock.framework */ = {isa = PBXFileReference; lastKnownFileType = wrapper.framework; name = OCMock.framework; path = lib/OCMock.framework; sourceTree = "<group>"; };
		BA901A592281CEDB0088BF22 /* SLLChangesRouter.h */ = {isa = PBXFileReference; lastKnownFileType = sourcecode.c.h; path = SLLChangesRouter.h; sourceTree = "<group>"; };
		BA901A5A2281CEDB0088BF22 /* SLLChangesRouter.m */ = {isa = PBXFileReference; lastKnownFileType = sourcecode.c.objc; path = SLLChangesRouter.m; sourceTree = "<group>"; };
		BA901A5C228226810088BF22 /* SLLProjectsRouter.h */ = {isa = PBXFileReference; lastKnownFileType = sourcecode.c.h; path = SLLProjectsRouter.h; sourceTree = "<group>"; };
		BA901A5D228226810088BF22 /* SLLProjectsRouter.m */ = {isa = PBXFileReference; lastKnownFileType = sourcecode.c.objc; path = SLLProjectsRouter.m; sourceTree = "<group>"; };
		BA901A5F2282269C0088BF22 /* SLLAccountRouter.h */ = {isa = PBXFileReference; lastKnownFileType = sourcecode.c.h; path = SLLAccountRouter.h; sourceTree = "<group>"; };
		BA901A602282269C0088BF22 /* SLLAccountRouter.m */ = {isa = PBXFileReference; lastKnownFileType = sourcecode.c.objc; path = SLLAccountRouter.m; sourceTree = "<group>"; };
		BA901A6222823DD80088BF22 /* SLLChangesInteractor.h */ = {isa = PBXFileReference; lastKnownFileType = sourcecode.c.h; path = SLLChangesInteractor.h; sourceTree = "<group>"; };
		BA901A6322823DD80088BF22 /* SLLChangesInteractor.m */ = {isa = PBXFileReference; lastKnownFileType = sourcecode.c.objc; path = SLLChangesInteractor.m; sourceTree = "<group>"; };
		BA901A6522823E550088BF22 /* SLLChangesRouterProtocol.h */ = {isa = PBXFileReference; lastKnownFileType = sourcecode.c.h; path = SLLChangesRouterProtocol.h; sourceTree = "<group>"; };
		BA901A6622823E800088BF22 /* SLLChangesInteractorProtocol.h */ = {isa = PBXFileReference; lastKnownFileType = sourcecode.c.h; path = SLLChangesInteractorProtocol.h; sourceTree = "<group>"; };
		BA901A67228244E10088BF22 /* SLLChangesAssembly.h */ = {isa = PBXFileReference; lastKnownFileType = sourcecode.c.h; path = SLLChangesAssembly.h; sourceTree = "<group>"; };
		BA901A68228244E10088BF22 /* SLLChangesAssembly.m */ = {isa = PBXFileReference; lastKnownFileType = sourcecode.c.objc; path = SLLChangesAssembly.m; sourceTree = "<group>"; };
		BA901A6A22824D240088BF22 /* SLLChangesDetailViewController.h */ = {isa = PBXFileReference; lastKnownFileType = sourcecode.c.h; path = SLLChangesDetailViewController.h; sourceTree = "<group>"; };
		BA901A6B22824D240088BF22 /* SLLChangesDetailViewController.m */ = {isa = PBXFileReference; lastKnownFileType = sourcecode.c.objc; path = SLLChangesDetailViewController.m; sourceTree = "<group>"; };
		BA91F17F228336EE0081B509 /* SLLProjectsAssembly.h */ = {isa = PBXFileReference; lastKnownFileType = sourcecode.c.h; path = SLLProjectsAssembly.h; sourceTree = "<group>"; };
		BA91F180228336EE0081B509 /* SLLProjectsAssembly.m */ = {isa = PBXFileReference; lastKnownFileType = sourcecode.c.objc; path = SLLProjectsAssembly.m; sourceTree = "<group>"; };
		BA91F1822283382E0081B509 /* SLLAccountAssembly.h */ = {isa = PBXFileReference; lastKnownFileType = sourcecode.c.h; path = SLLAccountAssembly.h; sourceTree = "<group>"; };
		BA91F1832283382E0081B509 /* SLLAccountAssembly.m */ = {isa = PBXFileReference; lastKnownFileType = sourcecode.c.objc; path = SLLAccountAssembly.m; sourceTree = "<group>"; };
		BA91F18922834B620081B509 /* SLLChange.h */ = {isa = PBXFileReference; lastKnownFileType = sourcecode.c.h; path = SLLChange.h; sourceTree = "<group>"; };
		BA91F18A22834B620081B509 /* SLLChange.m */ = {isa = PBXFileReference; lastKnownFileType = sourcecode.c.objc; path = SLLChange.m; sourceTree = "<group>"; };
		BA91F18C22849B120081B509 /* SLLAccount.h */ = {isa = PBXFileReference; lastKnownFileType = sourcecode.c.h; path = SLLAccount.h; sourceTree = "<group>"; };
		BA91F18D22849B120081B509 /* SLLAccount.m */ = {isa = PBXFileReference; lastKnownFileType = sourcecode.c.objc; path = SLLAccount.m; sourceTree = "<group>"; };
		BA91F18F2287808F0081B509 /* SLLInternalData.h */ = {isa = PBXFileReference; lastKnownFileType = sourcecode.c.h; path = SLLInternalData.h; sourceTree = "<group>"; };
		BAA8FC7B228ECA2C009EA4CA /* SLLProjectsRouterProtocol.h */ = {isa = PBXFileReference; lastKnownFileType = sourcecode.c.h; path = SLLProjectsRouterProtocol.h; sourceTree = "<group>"; };
		BAA8FC7C228ECC14009EA4CA /* SLLProjectsPresenterProtocol.h */ = {isa = PBXFileReference; lastKnownFileType = sourcecode.c.h; path = SLLProjectsPresenterProtocol.h; sourceTree = "<group>"; };
		BAA8FC7D228EE36A009EA4CA /* SLLProjectsPresenter.h */ = {isa = PBXFileReference; lastKnownFileType = sourcecode.c.h; path = SLLProjectsPresenter.h; sourceTree = "<group>"; };
		BAA8FC7E228EE36A009EA4CA /* SLLProjectsPresenter.m */ = {isa = PBXFileReference; lastKnownFileType = sourcecode.c.objc; path = SLLProjectsPresenter.m; sourceTree = "<group>"; };
		BAA8FC80228EE479009EA4CA /* SLLProjectsInteractorProtocol.h */ = {isa = PBXFileReference; lastKnownFileType = sourcecode.c.h; path = SLLProjectsInteractorProtocol.h; sourceTree = "<group>"; };
		BAA8FC81228EE62D009EA4CA /* SLLProjectsInteractor.h */ = {isa = PBXFileReference; lastKnownFileType = sourcecode.c.h; path = SLLProjectsInteractor.h; sourceTree = "<group>"; };
		BAA8FC82228EE62D009EA4CA /* SLLProjectsInteractor.m */ = {isa = PBXFileReference; lastKnownFileType = sourcecode.c.objc; path = SLLProjectsInteractor.m; sourceTree = "<group>"; };
		BABC2409227395DA006128BD /* GerritAppTests.xctest */ = {isa = PBXFileReference; explicitFileType = wrapper.cfbundle; includeInIndex = 0; path = GerritAppTests.xctest; sourceTree = BUILT_PRODUCTS_DIR; };
		BAC354E3228C6ABA00644FB7 /* SLLNetworkCreateURLTest.m */ = {isa = PBXFileReference; lastKnownFileType = sourcecode.c.objc; path = SLLNetworkCreateURLTest.m; sourceTree = "<group>"; };
		BAC354E6228CA79300644FB7 /* SLLNetworkServiceTest.m */ = {isa = PBXFileReference; lastKnownFileType = sourcecode.c.objc; path = SLLNetworkServiceTest.m; sourceTree = "<group>"; };
/* End PBXFileReference section */

/* Begin PBXFrameworksBuildPhase section */
		BA355BB12228247F00EB90C4 /* Frameworks */ = {
			isa = PBXFrameworksBuildPhase;
			buildActionMask = 2147483647;
			files = (
				BA3D8E2B22934674005D1B2A /* GoogleSignInDependencies.framework in Frameworks */,
				BA3D8E2C22934674005D1B2A /* GoogleSignIn.framework in Frameworks */,
			);
			runOnlyForDeploymentPostprocessing = 0;
		};
		BABC2406227395DA006128BD /* Frameworks */ = {
			isa = PBXFrameworksBuildPhase;
			buildActionMask = 2147483647;
			files = (
				BA3D8E37229349C2005D1B2A /* OCMock.framework in Frameworks */,
			);
			runOnlyForDeploymentPostprocessing = 0;
		};
/* End PBXFrameworksBuildPhase section */

/* Begin PBXGroup section */
		BA281BB82288CD450026E18A /* CoreDataService */ = {
			isa = PBXGroup;
			children = (
				BA281BBD2288DDD10026E18A /* SLLAccountCoreData+CoreDataClass.h */,
				BA281BBE2288DDD10026E18A /* SLLAccountCoreData+CoreDataClass.m */,
				BA281BBC2288DDD10026E18A /* SLLAccountCoreData+CoreDataProperties.h */,
				BA281BBF2288DDD10026E18A /* SLLAccountCoreData+CoreDataProperties.m */,
				BA281BB92288CE390026E18A /* SLLCoreDataService.h */,
				BA281BBA2288CE390026E18A /* SLLCoreDataService.m */,
				BA281BC22288E7340026E18A /* SLLCoreDataProtocol.h */,
			);
			name = CoreDataService;
			sourceTree = "<group>";
		};
		BA28345E22922DB300D21623 /* View */ = {
			isa = PBXGroup;
			children = (
				BA28345C22921D2F00D21623 /* SLLProjectsTableViewCell.h */,
				BA28345B22921D2F00D21623 /* SLLProjectsTableViewCell.m */,
				BA374192226E678B0081591A /* SLLProjectsViewController.h */,
				BA374193226E678B0081591A /* SLLProjectsViewController.m */,
			);
			name = View;
			sourceTree = "<group>";
		};
		BA2AFF6022805C7400C7B37E /* Common */ = {
			isa = PBXGroup;
			children = (
				BA91F18822834B1A0081B509 /* Model */,
				BA91F18722834AE80081B509 /* Categories */,
			);
			name = Common;
			sourceTree = "<group>";
		};
		BA355BAB2228247F00EB90C4 = {
			isa = PBXGroup;
			children = (
				BA355BB62228247F00EB90C4 /* GerritApp */,
				BABC240A227395DA006128BD /* GerritAppTests */,
				BA355BB52228247F00EB90C4 /* Products */,
				BAC354F3228CB07900644FB7 /* Frameworks */,
			);
			sourceTree = "<group>";
			usesTabs = 0;
		};
		BA355BB52228247F00EB90C4 /* Products */ = {
			isa = PBXGroup;
			children = (
				BA355BB42228247F00EB90C4 /* GerritApp.app */,
				BABC2409227395DA006128BD /* GerritAppTests.xctest */,
			);
			name = Products;
			sourceTree = "<group>";
		};
		BA355BB62228247F00EB90C4 /* GerritApp */ = {
			isa = PBXGroup;
			children = (
				BAF9467C2237035800D3F6A8 /* Modules */,
				BAF9467A2236FCCE00D3F6A8 /* Service */,
				BAF946782236FA6500D3F6A8 /* Resources */,
				BA355BB72228247F00EB90C4 /* AppDelegate.h */,
				BA355BB82228247F00EB90C4 /* AppDelegate.m */,
				BA355BC62228248100EB90C4 /* main.m */,
				BA2AFF59227FA35B00C7B37E /* SLLRootCoordinator.h */,
				BA2AFF5A227FA35B00C7B37E /* SLLRootCoordinator.m */,
			);
			path = GerritApp;
			sourceTree = "<group>";
		};
		BA374185226E582A0081591A /* Accounts */ = {
			isa = PBXGroup;
			children = (
				BA355BBA2228247F00EB90C4 /* SLLAccountViewController.h */,
				BA355BBB2228247F00EB90C4 /* SLLAccountViewController.m */,
				BA283464229242DA00D21623 /* SLLAccountPresenter.h */,
				BA283465229242DA00D21623 /* SLLAccountPresenter.m */,
				BA283467229242F600D21623 /* SLLAccountPresenterProtocol.h */,
				BA901A5F2282269C0088BF22 /* SLLAccountRouter.h */,
				BA901A602282269C0088BF22 /* SLLAccountRouter.m */,
				BA28345F2292425600D21623 /* SLLAccountRouterProtocol.h */,
				BA283461229242A100D21623 /* SLLAccountInteractor.h */,
				BA283462229242A100D21623 /* SLLAccountInteractor.m */,
				BA2834602292428500D21623 /* SLLAccountInteractorProtocol.h */,
				BA91F1822283382E0081B509 /* SLLAccountAssembly.h */,
				BA91F1832283382E0081B509 /* SLLAccountAssembly.m */,
			);
			name = Accounts;
			sourceTree = "<group>";
		};
		BA374187226E58C20081591A /* Projects */ = {
			isa = PBXGroup;
			children = (
				BA28345E22922DB300D21623 /* View */,
				BAA8FC7D228EE36A009EA4CA /* SLLProjectsPresenter.h */,
				BAA8FC7E228EE36A009EA4CA /* SLLProjectsPresenter.m */,
				BAA8FC7C228ECC14009EA4CA /* SLLProjectsPresenterProtocol.h */,
				BA901A5C228226810088BF22 /* SLLProjectsRouter.h */,
				BA901A5D228226810088BF22 /* SLLProjectsRouter.m */,
				BAA8FC7B228ECA2C009EA4CA /* SLLProjectsRouterProtocol.h */,
				BAA8FC81228EE62D009EA4CA /* SLLProjectsInteractor.h */,
				BAA8FC82228EE62D009EA4CA /* SLLProjectsInteractor.m */,
				BAA8FC80228EE479009EA4CA /* SLLProjectsInteractorProtocol.h */,
				BA91F17F228336EE0081B509 /* SLLProjectsAssembly.h */,
				BA91F180228336EE0081B509 /* SLLProjectsAssembly.m */,
			);
			name = Projects;
			sourceTree = "<group>";
		};
		BA374197226F18E60081591A /* Changes */ = {
			isa = PBXGroup;
			children = (
				BA91F18622833FF70081B509 /* View */,
				BA2AFF56227F9CD400C7B37E /* SLLChangesPresenter.h */,
				BA2AFF57227F9CD400C7B37E /* SLLChangesPresenter.m */,
				BA2AFF5C227FAEE100C7B37E /* SLLChangesPresenterProtocol.h */,
				BA901A592281CEDB0088BF22 /* SLLChangesRouter.h */,
				BA901A5A2281CEDB0088BF22 /* SLLChangesRouter.m */,
				BA901A6522823E550088BF22 /* SLLChangesRouterProtocol.h */,
				BA901A6222823DD80088BF22 /* SLLChangesInteractor.h */,
				BA901A6322823DD80088BF22 /* SLLChangesInteractor.m */,
				BA901A6622823E800088BF22 /* SLLChangesInteractorProtocol.h */,
				BA901A67228244E10088BF22 /* SLLChangesAssembly.h */,
				BA901A68228244E10088BF22 /* SLLChangesAssembly.m */,
			);
			name = Changes;
			sourceTree = "<group>";
		};
		BA91F18622833FF70081B509 /* View */ = {
			isa = PBXGroup;
			children = (
				BA37418F226E67760081591A /* SLLChangeViewController.h */,
				BA374190226E67760081591A /* SLLChangeViewController.m */,
				BA2AFF5D22800F3E00C7B37E /* SLLChangesTableViewCell.h */,
				BA2AFF5E22800F3E00C7B37E /* SLLChangesTableViewCell.m */,
				BA901A6A22824D240088BF22 /* SLLChangesDetailViewController.h */,
				BA901A6B22824D240088BF22 /* SLLChangesDetailViewController.m */,
			);
			name = View;
			sourceTree = "<group>";
		};
		BA91F18722834AE80081B509 /* Categories */ = {
			isa = PBXGroup;
			children = (
				BA2AFF6122805DA000C7B37E /* UIColor+SLLColors.h */,
				BA2AFF6222805DA000C7B37E /* UIColor+SLLColors.m */,
				BA2AFF6422805EA800C7B37E /* CAGradientLayer+SLLGradients.h */,
				BA2AFF6522805EA800C7B37E /* CAGradientLayer+SLLGradients.m */,
			);
			name = Categories;
			sourceTree = "<group>";
		};
		BA91F18822834B1A0081B509 /* Model */ = {
			isa = PBXGroup;
			children = (
				BA91F18922834B620081B509 /* SLLChange.h */,
				BA91F18A22834B620081B509 /* SLLChange.m */,
				BA91F18C22849B120081B509 /* SLLAccount.h */,
				BA91F18D22849B120081B509 /* SLLAccount.m */,
				BA91F18F2287808F0081B509 /* SLLInternalData.h */,
				BA28345822921C7900D21623 /* SLLProject.h */,
				BA28345922921C7A00D21623 /* SLLProject.m */,
			);
			name = Model;
			sourceTree = "<group>";
		};
		BABC240A227395DA006128BD /* GerritAppTests */ = {
			isa = PBXGroup;
			children = (
				BAC354E5228C6C1600644FB7 /* Service */,
			);
			path = GerritAppTests;
			sourceTree = "<group>";
		};
		BAC354E5228C6C1600644FB7 /* Service */ = {
			isa = PBXGroup;
			children = (
				BAC354E3228C6ABA00644FB7 /* SLLNetworkCreateURLTest.m */,
				BAC354E6228CA79300644FB7 /* SLLNetworkServiceTest.m */,
			);
			name = Service;
			sourceTree = "<group>";
		};
		BAC354F3228CB07900644FB7 /* Frameworks */ = {
			isa = PBXGroup;
			children = (
				BA3D8E36229349C2005D1B2A /* OCMock.framework */,
				BA3D8E2922934673005D1B2A /* GoogleSignIn.framework */,
				BA3D8E2822934673005D1B2A /* GoogleSignInDependencies.framework */,
				BA3D8E3422934984005D1B2A /* GoogleSignIn.bundle */,
			);
			name = Frameworks;
			sourceTree = "<group>";
		};
		BAF946782236FA6500D3F6A8 /* Resources */ = {
			isa = PBXGroup;
			children = (
				BA355BC02228248100EB90C4 /* Assets.xcassets */,
				BA355BC52228248100EB90C4 /* Info.plist */,
				BA2D99EB22380832006960C6 /* GoogleService-Info.plist */,
				BA281BA52288C6B70026E18A /* GerritApp.xcdatamodeld */,
			);
			name = Resources;
			sourceTree = "<group>";
		};
		BAF9467A2236FCCE00D3F6A8 /* Service */ = {
			isa = PBXGroup;
			children = (
				BA281BB82288CD450026E18A /* CoreDataService */,
				BAF9467B223702D800D3F6A8 /* NetworkService */,
			);
			name = Service;
			sourceTree = "<group>";
		};
		BAF9467B223702D800D3F6A8 /* NetworkService */ = {
			isa = PBXGroup;
			children = (
				BA37418A226E5EA20081591A /* SLLNetworkCreateURL.h */,
				BA37418B226E5EA20081591A /* SLLNetworkCreateURL.m */,
				BA2D99E8223807EE006960C6 /* SLLNetworkService.h */,
				BA2D99E9223807EE006960C6 /* SLLNetworkService.m */,
				BA2CF33322316E9F001EE0C7 /* SLLNetworkProtocol.h */,
			);
			name = NetworkService;
			sourceTree = "<group>";
		};
		BAF9467C2237035800D3F6A8 /* Modules */ = {
			isa = PBXGroup;
			children = (
				BA2AFF6022805C7400C7B37E /* Common */,
				BA374197226F18E60081591A /* Changes */,
				BA374187226E58C20081591A /* Projects */,
				BA374185226E582A0081591A /* Accounts */,
			);
			name = Modules;
			sourceTree = "<group>";
		};
/* End PBXGroup section */

/* Begin PBXNativeTarget section */
		BA355BB32228247F00EB90C4 /* GerritApp */ = {
			isa = PBXNativeTarget;
			buildConfigurationList = BA355BCA2228248100EB90C4 /* Build configuration list for PBXNativeTarget "GerritApp" */;
			buildPhases = (
				BA355BB02228247F00EB90C4 /* Sources */,
				BA355BB12228247F00EB90C4 /* Frameworks */,
				BA355BB22228247F00EB90C4 /* Resources */,
				BA2834742292DE0E00D21623 /* CopyFiles */,
			);
			buildRules = (
			);
			dependencies = (
			);
			name = GerritApp;
			productName = GerritApp;
			productReference = BA355BB42228247F00EB90C4 /* GerritApp.app */;
			productType = "com.apple.product-type.application";
		};
		BABC2408227395DA006128BD /* GerritAppTests */ = {
			isa = PBXNativeTarget;
			buildConfigurationList = BABC2412227395DA006128BD /* Build configuration list for PBXNativeTarget "GerritAppTests" */;
			buildPhases = (
				BABC2405227395DA006128BD /* Sources */,
				BABC2406227395DA006128BD /* Frameworks */,
				BABC2407227395DA006128BD /* Resources */,
				BAC354FA228CB85800644FB7 /* CopyFiles */,
			);
			buildRules = (
			);
			dependencies = (
				BABC240F227395DA006128BD /* PBXTargetDependency */,
			);
			name = GerritAppTests;
			productName = GerritAppTests;
			productReference = BABC2409227395DA006128BD /* GerritAppTests.xctest */;
			productType = "com.apple.product-type.bundle.unit-test";
		};
/* End PBXNativeTarget section */

/* Begin PBXProject section */
		BA355BAC2228247F00EB90C4 /* Project object */ = {
			isa = PBXProject;
			attributes = {
				CLASSPREFIX = SLL;
				LastUpgradeCheck = 1010;
				ORGANIZATIONNAME = "Oleg Taranenko";
				TargetAttributes = {
					BA355BB32228247F00EB90C4 = {
						CreatedOnToolsVersion = 10.1;
						LastSwiftMigration = 1020;
					};
					BABC2408227395DA006128BD = {
						CreatedOnToolsVersion = 10.2.1;
						TestTargetID = BA355BB32228247F00EB90C4;
					};
				};
			};
			buildConfigurationList = BA355BAF2228247F00EB90C4 /* Build configuration list for PBXProject "GerritApp" */;
			compatibilityVersion = "Xcode 9.3";
			developmentRegion = en;
			hasScannedForEncodings = 0;
			knownRegions = (
				en,
				Base,
			);
			mainGroup = BA355BAB2228247F00EB90C4;
			productRefGroup = BA355BB52228247F00EB90C4 /* Products */;
			projectDirPath = "";
			projectRoot = "";
			targets = (
				BA355BB32228247F00EB90C4 /* GerritApp */,
				BABC2408227395DA006128BD /* GerritAppTests */,
			);
		};
/* End PBXProject section */

/* Begin PBXResourcesBuildPhase section */
		BA355BB22228247F00EB90C4 /* Resources */ = {
			isa = PBXResourcesBuildPhase;
			buildActionMask = 2147483647;
			files = (
				BA3D8E33229348F6005D1B2A /* GoogleService-Info.plist in Resources */,
				BA3D8E3522934984005D1B2A /* GoogleSignIn.bundle in Resources */,
				BA355BC12228248100EB90C4 /* Assets.xcassets in Resources */,
			);
			runOnlyForDeploymentPostprocessing = 0;
		};
		BABC2407227395DA006128BD /* Resources */ = {
			isa = PBXResourcesBuildPhase;
			buildActionMask = 2147483647;
			files = (
			);
			runOnlyForDeploymentPostprocessing = 0;
		};
/* End PBXResourcesBuildPhase section */

/* Begin PBXSourcesBuildPhase section */
		BA355BB02228247F00EB90C4 /* Sources */ = {
			isa = PBXSourcesBuildPhase;
			buildActionMask = 2147483647;
			files = (
				BA283466229242DA00D21623 /* SLLAccountPresenter.m in Sources */,
				BA2D99EA223807EE006960C6 /* SLLNetworkService.m in Sources */,
				BA283463229242A100D21623 /* SLLAccountInteractor.m in Sources */,
				BA2AFF6622805EA800C7B37E /* CAGradientLayer+SLLGradients.m in Sources */,
				BA901A5B2281CEDB0088BF22 /* SLLChangesRouter.m in Sources */,
				BA28345D22921D2F00D21623 /* SLLProjectsTableViewCell.m in Sources */,
				BA91F1842283382E0081B509 /* SLLAccountAssembly.m in Sources */,
				BA37418C226E5EA20081591A /* SLLNetworkCreateURL.m in Sources */,
				BA281BC02288DDD10026E18A /* SLLAccountCoreData+CoreDataClass.m in Sources */,
				BA2AFF5F22800F3E00C7B37E /* SLLChangesTableViewCell.m in Sources */,
				BA2AFF5B227FA35B00C7B37E /* SLLRootCoordinator.m in Sources */,
				BA901A612282269C0088BF22 /* SLLAccountRouter.m in Sources */,
				BA355BBC2228247F00EB90C4 /* SLLAccountViewController.m in Sources */,
				BA901A5E228226810088BF22 /* SLLProjectsRouter.m in Sources */,
				BA355BC72228248100EB90C4 /* main.m in Sources */,
				BA91F18E22849B120081B509 /* SLLAccount.m in Sources */,
				BA901A69228244E10088BF22 /* SLLChangesAssembly.m in Sources */,
				BA901A6C22824D240088BF22 /* SLLChangesDetailViewController.m in Sources */,
				BA91F18B22834B620081B509 /* SLLChange.m in Sources */,
				BA2AFF6322805DA000C7B37E /* UIColor+SLLColors.m in Sources */,
				BA28345A22921C7A00D21623 /* SLLProject.m in Sources */,
				BA2AFF58227F9CD400C7B37E /* SLLChangesPresenter.m in Sources */,
				BAA8FC83228EE62D009EA4CA /* SLLProjectsInteractor.m in Sources */,
				BA281BA72288C6B70026E18A /* GerritApp.xcdatamodeld in Sources */,
				BA281BBB2288CE390026E18A /* SLLCoreDataService.m in Sources */,
				BA374191226E67760081591A /* SLLChangeViewController.m in Sources */,
				BA91F181228336EE0081B509 /* SLLProjectsAssembly.m in Sources */,
				BA281BC12288DDD10026E18A /* SLLAccountCoreData+CoreDataProperties.m in Sources */,
				BA355BB92228247F00EB90C4 /* AppDelegate.m in Sources */,
				BA901A6422823DD80088BF22 /* SLLChangesInteractor.m in Sources */,
				BAA8FC7F228EE36A009EA4CA /* SLLProjectsPresenter.m in Sources */,
				BA374194226E678B0081591A /* SLLProjectsViewController.m in Sources */,
			);
			runOnlyForDeploymentPostprocessing = 0;
		};
		BABC2405227395DA006128BD /* Sources */ = {
			isa = PBXSourcesBuildPhase;
			buildActionMask = 2147483647;
			files = (
				BAC354E7228CA79300644FB7 /* SLLNetworkServiceTest.m in Sources */,
				BAC354E4228C6ABA00644FB7 /* SLLNetworkCreateURLTest.m in Sources */,
			);
			runOnlyForDeploymentPostprocessing = 0;
		};
/* End PBXSourcesBuildPhase section */

/* Begin PBXTargetDependency section */
		BABC240F227395DA006128BD /* PBXTargetDependency */ = {
			isa = PBXTargetDependency;
			target = BA355BB32228247F00EB90C4 /* GerritApp */;
			targetProxy = BABC240E227395DA006128BD /* PBXContainerItemProxy */;
		};
/* End PBXTargetDependency section */

/* Begin XCBuildConfiguration section */
		BA355BC82228248100EB90C4 /* Debug */ = {
			isa = XCBuildConfiguration;
			buildSettings = {
				ALWAYS_SEARCH_USER_PATHS = NO;
				CLANG_ANALYZER_NONNULL = YES;
				CLANG_ANALYZER_NUMBER_OBJECT_CONVERSION = YES_AGGRESSIVE;
				CLANG_CXX_LANGUAGE_STANDARD = "gnu++14";
				CLANG_CXX_LIBRARY = "libc++";
				CLANG_ENABLE_MODULES = YES;
				CLANG_ENABLE_OBJC_ARC = YES;
				CLANG_ENABLE_OBJC_WEAK = YES;
				CLANG_WARN_BLOCK_CAPTURE_AUTORELEASING = YES;
				CLANG_WARN_BOOL_CONVERSION = YES;
				CLANG_WARN_COMMA = YES;
				CLANG_WARN_CONSTANT_CONVERSION = YES;
				CLANG_WARN_DEPRECATED_OBJC_IMPLEMENTATIONS = YES;
				CLANG_WARN_DIRECT_OBJC_ISA_USAGE = YES_ERROR;
				CLANG_WARN_DOCUMENTATION_COMMENTS = YES;
				CLANG_WARN_EMPTY_BODY = YES;
				CLANG_WARN_ENUM_CONVERSION = YES;
				CLANG_WARN_INFINITE_RECURSION = YES;
				CLANG_WARN_INT_CONVERSION = YES;
				CLANG_WARN_NON_LITERAL_NULL_CONVERSION = YES;
				CLANG_WARN_OBJC_IMPLICIT_RETAIN_SELF = YES;
				CLANG_WARN_OBJC_LITERAL_CONVERSION = YES;
				CLANG_WARN_OBJC_ROOT_CLASS = YES_ERROR;
				CLANG_WARN_RANGE_LOOP_ANALYSIS = YES;
				CLANG_WARN_STRICT_PROTOTYPES = YES;
				CLANG_WARN_SUSPICIOUS_MOVE = YES;
				CLANG_WARN_UNGUARDED_AVAILABILITY = YES_AGGRESSIVE;
				CLANG_WARN_UNREACHABLE_CODE = YES;
				CLANG_WARN__DUPLICATE_METHOD_MATCH = YES;
				CODE_SIGN_IDENTITY = "iPhone Developer";
				COPY_PHASE_STRIP = NO;
				DEBUG_INFORMATION_FORMAT = dwarf;
				ENABLE_STRICT_OBJC_MSGSEND = YES;
				ENABLE_TESTABILITY = YES;
				GCC_C_LANGUAGE_STANDARD = gnu11;
				GCC_DYNAMIC_NO_PIC = NO;
				GCC_NO_COMMON_BLOCKS = YES;
				GCC_OPTIMIZATION_LEVEL = 0;
				GCC_PREPROCESSOR_DEFINITIONS = (
					"DEBUG=1",
					"$(inherited)",
				);
				GCC_WARN_64_TO_32_BIT_CONVERSION = YES;
				GCC_WARN_ABOUT_RETURN_TYPE = YES_ERROR;
				GCC_WARN_UNDECLARED_SELECTOR = YES;
				GCC_WARN_UNINITIALIZED_AUTOS = YES_AGGRESSIVE;
				GCC_WARN_UNUSED_FUNCTION = YES;
				GCC_WARN_UNUSED_VARIABLE = YES;
				IPHONEOS_DEPLOYMENT_TARGET = 12.1;
				MTL_ENABLE_DEBUG_INFO = INCLUDE_SOURCE;
				MTL_FAST_MATH = YES;
				ONLY_ACTIVE_ARCH = YES;
				SDKROOT = iphoneos;
			};
			name = Debug;
		};
		BA355BC92228248100EB90C4 /* Release */ = {
			isa = XCBuildConfiguration;
			buildSettings = {
				ALWAYS_SEARCH_USER_PATHS = NO;
				CLANG_ANALYZER_NONNULL = YES;
				CLANG_ANALYZER_NUMBER_OBJECT_CONVERSION = YES_AGGRESSIVE;
				CLANG_CXX_LANGUAGE_STANDARD = "gnu++14";
				CLANG_CXX_LIBRARY = "libc++";
				CLANG_ENABLE_MODULES = YES;
				CLANG_ENABLE_OBJC_ARC = YES;
				CLANG_ENABLE_OBJC_WEAK = YES;
				CLANG_WARN_BLOCK_CAPTURE_AUTORELEASING = YES;
				CLANG_WARN_BOOL_CONVERSION = YES;
				CLANG_WARN_COMMA = YES;
				CLANG_WARN_CONSTANT_CONVERSION = YES;
				CLANG_WARN_DEPRECATED_OBJC_IMPLEMENTATIONS = YES;
				CLANG_WARN_DIRECT_OBJC_ISA_USAGE = YES_ERROR;
				CLANG_WARN_DOCUMENTATION_COMMENTS = YES;
				CLANG_WARN_EMPTY_BODY = YES;
				CLANG_WARN_ENUM_CONVERSION = YES;
				CLANG_WARN_INFINITE_RECURSION = YES;
				CLANG_WARN_INT_CONVERSION = YES;
				CLANG_WARN_NON_LITERAL_NULL_CONVERSION = YES;
				CLANG_WARN_OBJC_IMPLICIT_RETAIN_SELF = YES;
				CLANG_WARN_OBJC_LITERAL_CONVERSION = YES;
				CLANG_WARN_OBJC_ROOT_CLASS = YES_ERROR;
				CLANG_WARN_RANGE_LOOP_ANALYSIS = YES;
				CLANG_WARN_STRICT_PROTOTYPES = YES;
				CLANG_WARN_SUSPICIOUS_MOVE = YES;
				CLANG_WARN_UNGUARDED_AVAILABILITY = YES_AGGRESSIVE;
				CLANG_WARN_UNREACHABLE_CODE = YES;
				CLANG_WARN__DUPLICATE_METHOD_MATCH = YES;
				CODE_SIGN_IDENTITY = "iPhone Developer";
				COPY_PHASE_STRIP = NO;
				DEBUG_INFORMATION_FORMAT = "dwarf-with-dsym";
				ENABLE_NS_ASSERTIONS = NO;
				ENABLE_STRICT_OBJC_MSGSEND = YES;
				GCC_C_LANGUAGE_STANDARD = gnu11;
				GCC_NO_COMMON_BLOCKS = YES;
				GCC_WARN_64_TO_32_BIT_CONVERSION = YES;
				GCC_WARN_ABOUT_RETURN_TYPE = YES_ERROR;
				GCC_WARN_UNDECLARED_SELECTOR = YES;
				GCC_WARN_UNINITIALIZED_AUTOS = YES_AGGRESSIVE;
				GCC_WARN_UNUSED_FUNCTION = YES;
				GCC_WARN_UNUSED_VARIABLE = YES;
				IPHONEOS_DEPLOYMENT_TARGET = 12.1;
				MTL_ENABLE_DEBUG_INFO = NO;
				MTL_FAST_MATH = YES;
				SDKROOT = iphoneos;
				VALIDATE_PRODUCT = YES;
			};
			name = Release;
		};
		BA355BCB2228248100EB90C4 /* Debug */ = {
			isa = XCBuildConfiguration;
			buildSettings = {
				ASSETCATALOG_COMPILER_APPICON_NAME = AppIcon;
				ASSETCATALOG_COMPILER_LAUNCHIMAGE_NAME = LaunchImage;
				CLANG_ENABLE_MODULES = YES;
				CODE_SIGN_IDENTITY = "iPhone Developer";
				CODE_SIGN_STYLE = Automatic;
				DEVELOPMENT_TEAM = "";
				FRAMEWORK_SEARCH_PATHS = (
					"$(inherited)",
					"$(PROJECT_DIR)",
					"$(PROJECT_DIR)/lib",
				);
				INFOPLIST_FILE = GerritApp/Info.plist;
				LD_RUNPATH_SEARCH_PATHS = (
					"$(inherited)",
					"@executable_path/Frameworks",
				);
				OTHER_LDFLAGS = "-ObjC";
				PRODUCT_BUNDLE_IDENTIFIER = com.soulocal.GerritApp;
				PRODUCT_NAME = "$(TARGET_NAME)";
				PROVISIONING_PROFILE_SPECIFIER = "";
				SWIFT_OPTIMIZATION_LEVEL = "-Onone";
				SWIFT_VERSION = 5.0;
				TARGETED_DEVICE_FAMILY = 1;
			};
			name = Debug;
		};
		BA355BCC2228248100EB90C4 /* Release */ = {
			isa = XCBuildConfiguration;
			buildSettings = {
				ASSETCATALOG_COMPILER_APPICON_NAME = AppIcon;
				ASSETCATALOG_COMPILER_LAUNCHIMAGE_NAME = LaunchImage;
				CLANG_ENABLE_MODULES = YES;
				CODE_SIGN_IDENTITY = "iPhone Developer";
				CODE_SIGN_STYLE = Automatic;
				DEVELOPMENT_TEAM = "";
				FRAMEWORK_SEARCH_PATHS = (
					"$(inherited)",
					"$(PROJECT_DIR)",
					"$(PROJECT_DIR)/lib",
				);
				INFOPLIST_FILE = GerritApp/Info.plist;
				LD_RUNPATH_SEARCH_PATHS = (
					"$(inherited)",
					"@executable_path/Frameworks",
				);
				OTHER_LDFLAGS = "-ObjC";
				PRODUCT_BUNDLE_IDENTIFIER = com.soulocal.GerritApp;
				PRODUCT_NAME = "$(TARGET_NAME)";
				PROVISIONING_PROFILE_SPECIFIER = "";
				SWIFT_VERSION = 5.0;
				TARGETED_DEVICE_FAMILY = 1;
			};
			name = Release;
		};
		BABC2410227395DA006128BD /* Debug */ = {
			isa = XCBuildConfiguration;
			buildSettings = {
				BUNDLE_LOADER = "$(TEST_HOST)";
				CODE_SIGN_STYLE = Automatic;
				DEVELOPMENT_TEAM = "";
				FRAMEWORK_SEARCH_PATHS = (
					"$(inherited)",
					"$(PROJECT_DIR)/lib",
				);
				INFOPLIST_FILE = GerritAppTests/Info.plist;
				IPHONEOS_DEPLOYMENT_TARGET = 12.2;
				LD_RUNPATH_SEARCH_PATHS = (
					"$(inherited)",
					"@executable_path/Frameworks",
					"@loader_path/Frameworks",
				);
				PRODUCT_BUNDLE_IDENTIFIER = com.soulocal.GerritAppTests;
				PRODUCT_NAME = "$(TARGET_NAME)";
				TARGETED_DEVICE_FAMILY = "1,2";
				TEST_HOST = "$(BUILT_PRODUCTS_DIR)/GerritApp.app/GerritApp";
			};
			name = Debug;
		};
		BABC2411227395DA006128BD /* Release */ = {
			isa = XCBuildConfiguration;
			buildSettings = {
				BUNDLE_LOADER = "$(TEST_HOST)";
				CODE_SIGN_STYLE = Automatic;
				DEVELOPMENT_TEAM = "";
				FRAMEWORK_SEARCH_PATHS = (
					"$(inherited)",
					"$(PROJECT_DIR)/lib",
				);
				INFOPLIST_FILE = GerritAppTests/Info.plist;
				IPHONEOS_DEPLOYMENT_TARGET = 12.2;
				LD_RUNPATH_SEARCH_PATHS = (
					"$(inherited)",
					"@executable_path/Frameworks",
					"@loader_path/Frameworks",
				);
				PRODUCT_BUNDLE_IDENTIFIER = com.soulocal.GerritAppTests;
				PRODUCT_NAME = "$(TARGET_NAME)";
				TARGETED_DEVICE_FAMILY = "1,2";
				TEST_HOST = "$(BUILT_PRODUCTS_DIR)/GerritApp.app/GerritApp";
			};
			name = Release;
		};
/* End XCBuildConfiguration section */

/* Begin XCConfigurationList section */
		BA355BAF2228247F00EB90C4 /* Build configuration list for PBXProject "GerritApp" */ = {
			isa = XCConfigurationList;
			buildConfigurations = (
				BA355BC82228248100EB90C4 /* Debug */,
				BA355BC92228248100EB90C4 /* Release */,
			);
			defaultConfigurationIsVisible = 0;
			defaultConfigurationName = Release;
		};
		BA355BCA2228248100EB90C4 /* Build configuration list for PBXNativeTarget "GerritApp" */ = {
			isa = XCConfigurationList;
			buildConfigurations = (
				BA355BCB2228248100EB90C4 /* Debug */,
				BA355BCC2228248100EB90C4 /* Release */,
			);
			defaultConfigurationIsVisible = 0;
			defaultConfigurationName = Release;
		};
		BABC2412227395DA006128BD /* Build configuration list for PBXNativeTarget "GerritAppTests" */ = {
			isa = XCConfigurationList;
			buildConfigurations = (
				BABC2410227395DA006128BD /* Debug */,
				BABC2411227395DA006128BD /* Release */,
			);
			defaultConfigurationIsVisible = 0;
			defaultConfigurationName = Release;
		};
/* End XCConfigurationList section */

/* Begin XCVersionGroup section */
		BA281BA52288C6B70026E18A /* GerritApp.xcdatamodeld */ = {
			isa = XCVersionGroup;
			children = (
				BA281BA62288C6B70026E18A /* SLLGerrit.xcdatamodel */,
			);
			currentVersion = BA281BA62288C6B70026E18A /* SLLGerrit.xcdatamodel */;
			path = GerritApp.xcdatamodeld;
			sourceTree = "<group>";
			versionGroupType = wrapper.xcdatamodel;
		};
/* End XCVersionGroup section */
	};
	rootObject = BA355BAC2228247F00EB90C4 /* Project object */;
}
