// !$*UTF8*$!
{
	archiveVersion = 1;
	classes = {
	};
	objectVersion = 50;
	objects = {

/* Begin PBXBuildFile section */
		BA2AFF54227F73BE00C7B37E /* SLLInteractorMainService.m in Sources */ = {isa = PBXBuildFile; fileRef = BA2AFF53227F73BE00C7B37E /* SLLInteractorMainService.m */; };
		BA2AFF58227F9CD400C7B37E /* SLLChangePresenter.m in Sources */ = {isa = PBXBuildFile; fileRef = BA2AFF57227F9CD400C7B37E /* SLLChangePresenter.m */; };
		BA2AFF5B227FA35B00C7B37E /* SLLRootCoordinator.m in Sources */ = {isa = PBXBuildFile; fileRef = BA2AFF5A227FA35B00C7B37E /* SLLRootCoordinator.m */; };
		BA2AFF5F22800F3E00C7B37E /* SLLChangesTableViewCell.m in Sources */ = {isa = PBXBuildFile; fileRef = BA2AFF5E22800F3E00C7B37E /* SLLChangesTableViewCell.m */; };
		BA2AFF6322805DA000C7B37E /* UIColor+SLLColors.m in Sources */ = {isa = PBXBuildFile; fileRef = BA2AFF6222805DA000C7B37E /* UIColor+SLLColors.m */; };
		BA2AFF6622805EA800C7B37E /* CAGradientLayer+SLLGradients.m in Sources */ = {isa = PBXBuildFile; fileRef = BA2AFF6522805EA800C7B37E /* CAGradientLayer+SLLGradients.m */; };
		BA2D99EA223807EE006960C6 /* SLLNetworkService.m in Sources */ = {isa = PBXBuildFile; fileRef = BA2D99E9223807EE006960C6 /* SLLNetworkService.m */; };
		BA2D99EC22380832006960C6 /* GoogleService-Info.plist in Resources */ = {isa = PBXBuildFile; fileRef = BA2D99EB22380832006960C6 /* GoogleService-Info.plist */; };
		BA355BB92228247F00EB90C4 /* AppDelegate.m in Sources */ = {isa = PBXBuildFile; fileRef = BA355BB82228247F00EB90C4 /* AppDelegate.m */; };
		BA355BBC2228247F00EB90C4 /* SLLAccountViewController.m in Sources */ = {isa = PBXBuildFile; fileRef = BA355BBB2228247F00EB90C4 /* SLLAccountViewController.m */; };
		BA355BC12228248100EB90C4 /* Assets.xcassets in Resources */ = {isa = PBXBuildFile; fileRef = BA355BC02228248100EB90C4 /* Assets.xcassets */; };
		BA355BC72228248100EB90C4 /* main.m in Sources */ = {isa = PBXBuildFile; fileRef = BA355BC62228248100EB90C4 /* main.m */; };
		BA37418C226E5EA20081591A /* SLLNetworkCreateURL.m in Sources */ = {isa = PBXBuildFile; fileRef = BA37418B226E5EA20081591A /* SLLNetworkCreateURL.m */; };
		BA374191226E67760081591A /* SLLChangeViewController.m in Sources */ = {isa = PBXBuildFile; fileRef = BA374190226E67760081591A /* SLLChangeViewController.m */; };
		BA374194226E678B0081591A /* SLLProjectViewController.m in Sources */ = {isa = PBXBuildFile; fileRef = BA374193226E678B0081591A /* SLLProjectViewController.m */; };
		BABC240C227395DA006128BD /* GerritAppTests.m in Sources */ = {isa = PBXBuildFile; fileRef = BABC240B227395DA006128BD /* GerritAppTests.m */; };
/* End PBXBuildFile section */

/* Begin PBXContainerItemProxy section */
		BABC240E227395DA006128BD /* PBXContainerItemProxy */ = {
			isa = PBXContainerItemProxy;
			containerPortal = BA355BAC2228247F00EB90C4 /* Project object */;
			proxyType = 1;
			remoteGlobalIDString = BA355BB32228247F00EB90C4;
			remoteInfo = GerritApp;
		};
/* End PBXContainerItemProxy section */

/* Begin PBXFileReference section */
		BA2AFF52227F73BE00C7B37E /* SLLInteractorMainService.h */ = {isa = PBXFileReference; lastKnownFileType = sourcecode.c.h; path = SLLInteractorMainService.h; sourceTree = "<group>"; };
		BA2AFF53227F73BE00C7B37E /* SLLInteractorMainService.m */ = {isa = PBXFileReference; lastKnownFileType = sourcecode.c.objc; path = SLLInteractorMainService.m; sourceTree = "<group>"; };
		BA2AFF55227F81EA00C7B37E /* SLLIntercatorProtocol.h */ = {isa = PBXFileReference; lastKnownFileType = sourcecode.c.h; path = SLLIntercatorProtocol.h; sourceTree = "<group>"; };
		BA2AFF56227F9CD400C7B37E /* SLLChangePresenter.h */ = {isa = PBXFileReference; lastKnownFileType = sourcecode.c.h; path = SLLChangePresenter.h; sourceTree = "<group>"; };
		BA2AFF57227F9CD400C7B37E /* SLLChangePresenter.m */ = {isa = PBXFileReference; lastKnownFileType = sourcecode.c.objc; path = SLLChangePresenter.m; sourceTree = "<group>"; };
		BA2AFF59227FA35B00C7B37E /* SLLRootCoordinator.h */ = {isa = PBXFileReference; lastKnownFileType = sourcecode.c.h; path = SLLRootCoordinator.h; sourceTree = "<group>"; };
		BA2AFF5A227FA35B00C7B37E /* SLLRootCoordinator.m */ = {isa = PBXFileReference; lastKnownFileType = sourcecode.c.objc; path = SLLRootCoordinator.m; sourceTree = "<group>"; };
		BA2AFF5C227FAEE100C7B37E /* SLLChangePresenterProtocol.h */ = {isa = PBXFileReference; lastKnownFileType = sourcecode.c.h; path = SLLChangePresenterProtocol.h; sourceTree = "<group>"; };
		BA2AFF5D22800F3E00C7B37E /* SLLChangesTableViewCell.h */ = {isa = PBXFileReference; lastKnownFileType = sourcecode.c.h; path = SLLChangesTableViewCell.h; sourceTree = "<group>"; };
		BA2AFF5E22800F3E00C7B37E /* SLLChangesTableViewCell.m */ = {isa = PBXFileReference; lastKnownFileType = sourcecode.c.objc; path = SLLChangesTableViewCell.m; sourceTree = "<group>"; };
		BA2AFF6122805DA000C7B37E /* UIColor+SLLColors.h */ = {isa = PBXFileReference; lastKnownFileType = sourcecode.c.h; path = "UIColor+SLLColors.h"; sourceTree = "<group>"; };
		BA2AFF6222805DA000C7B37E /* UIColor+SLLColors.m */ = {isa = PBXFileReference; lastKnownFileType = sourcecode.c.objc; path = "UIColor+SLLColors.m"; sourceTree = "<group>"; };
		BA2AFF6422805EA800C7B37E /* CAGradientLayer+SLLGradients.h */ = {isa = PBXFileReference; lastKnownFileType = sourcecode.c.h; path = "CAGradientLayer+SLLGradients.h"; sourceTree = "<group>"; };
		BA2AFF6522805EA800C7B37E /* CAGradientLayer+SLLGradients.m */ = {isa = PBXFileReference; lastKnownFileType = sourcecode.c.objc; path = "CAGradientLayer+SLLGradients.m"; sourceTree = "<group>"; };
		BA2CF33322316E9F001EE0C7 /* SLLNetworkProtocol.h */ = {isa = PBXFileReference; lastKnownFileType = sourcecode.c.h; path = SLLNetworkProtocol.h; sourceTree = "<group>"; };
		BA2D99E8223807EE006960C6 /* SLLNetworkService.h */ = {isa = PBXFileReference; lastKnownFileType = sourcecode.c.h; path = SLLNetworkService.h; sourceTree = "<group>"; };
		BA2D99E9223807EE006960C6 /* SLLNetworkService.m */ = {isa = PBXFileReference; lastKnownFileType = sourcecode.c.objc; path = SLLNetworkService.m; sourceTree = "<group>"; };
		BA2D99EB22380832006960C6 /* GoogleService-Info.plist */ = {isa = PBXFileReference; fileEncoding = 4; lastKnownFileType = text.plist.xml; path = "GoogleService-Info.plist"; sourceTree = "<group>"; };
		BA355BB42228247F00EB90C4 /* GerritApp.app */ = {isa = PBXFileReference; explicitFileType = wrapper.application; includeInIndex = 0; path = GerritApp.app; sourceTree = BUILT_PRODUCTS_DIR; };
		BA355BB72228247F00EB90C4 /* AppDelegate.h */ = {isa = PBXFileReference; lastKnownFileType = sourcecode.c.h; path = AppDelegate.h; sourceTree = "<group>"; };
		BA355BB82228247F00EB90C4 /* AppDelegate.m */ = {isa = PBXFileReference; lastKnownFileType = sourcecode.c.objc; path = AppDelegate.m; sourceTree = "<group>"; };
		BA355BBA2228247F00EB90C4 /* SLLAccountViewController.h */ = {isa = PBXFileReference; lastKnownFileType = sourcecode.c.h; path = SLLAccountViewController.h; sourceTree = "<group>"; };
		BA355BBB2228247F00EB90C4 /* SLLAccountViewController.m */ = {isa = PBXFileReference; lastKnownFileType = sourcecode.c.objc; path = SLLAccountViewController.m; sourceTree = "<group>"; };
		BA355BC02228248100EB90C4 /* Assets.xcassets */ = {isa = PBXFileReference; lastKnownFileType = folder.assetcatalog; path = Assets.xcassets; sourceTree = "<group>"; };
		BA355BC52228248100EB90C4 /* Info.plist */ = {isa = PBXFileReference; lastKnownFileType = text.plist.xml; path = Info.plist; sourceTree = "<group>"; };
		BA355BC62228248100EB90C4 /* main.m */ = {isa = PBXFileReference; lastKnownFileType = sourcecode.c.objc; path = main.m; sourceTree = "<group>"; };
		BA37418A226E5EA20081591A /* SLLNetworkCreateURL.h */ = {isa = PBXFileReference; lastKnownFileType = sourcecode.c.h; path = SLLNetworkCreateURL.h; sourceTree = "<group>"; };
		BA37418B226E5EA20081591A /* SLLNetworkCreateURL.m */ = {isa = PBXFileReference; lastKnownFileType = sourcecode.c.objc; path = SLLNetworkCreateURL.m; sourceTree = "<group>"; };
		BA37418F226E67760081591A /* SLLChangeViewController.h */ = {isa = PBXFileReference; lastKnownFileType = sourcecode.c.h; path = SLLChangeViewController.h; sourceTree = "<group>"; };
		BA374190226E67760081591A /* SLLChangeViewController.m */ = {isa = PBXFileReference; lastKnownFileType = sourcecode.c.objc; path = SLLChangeViewController.m; sourceTree = "<group>"; };
		BA374192226E678B0081591A /* SLLProjectViewController.h */ = {isa = PBXFileReference; lastKnownFileType = sourcecode.c.h; path = SLLProjectViewController.h; sourceTree = "<group>"; };
		BA374193226E678B0081591A /* SLLProjectViewController.m */ = {isa = PBXFileReference; lastKnownFileType = sourcecode.c.objc; path = SLLProjectViewController.m; sourceTree = "<group>"; };
		BABC2409227395DA006128BD /* GerritAppTests.xctest */ = {isa = PBXFileReference; explicitFileType = wrapper.cfbundle; includeInIndex = 0; path = GerritAppTests.xctest; sourceTree = BUILT_PRODUCTS_DIR; };
		BABC240B227395DA006128BD /* GerritAppTests.m */ = {isa = PBXFileReference; lastKnownFileType = sourcecode.c.objc; path = GerritAppTests.m; sourceTree = "<group>"; };
		BABC240D227395DA006128BD /* Info.plist */ = {isa = PBXFileReference; lastKnownFileType = text.plist.xml; path = Info.plist; sourceTree = "<group>"; };
/* End PBXFileReference section */

/* Begin PBXFrameworksBuildPhase section */
		BA355BB12228247F00EB90C4 /* Frameworks */ = {
			isa = PBXFrameworksBuildPhase;
			buildActionMask = 2147483647;
			files = (
			);
			runOnlyForDeploymentPostprocessing = 0;
		};
		BABC2406227395DA006128BD /* Frameworks */ = {
			isa = PBXFrameworksBuildPhase;
			buildActionMask = 2147483647;
			files = (
			);
			runOnlyForDeploymentPostprocessing = 0;
		};
/* End PBXFrameworksBuildPhase section */

/* Begin PBXGroup section */
		BA2AFF6022805C7400C7B37E /* Categories */ = {
			isa = PBXGroup;
			children = (
				BA2AFF6122805DA000C7B37E /* UIColor+SLLColors.h */,
				BA2AFF6222805DA000C7B37E /* UIColor+SLLColors.m */,
				BA2AFF6422805EA800C7B37E /* CAGradientLayer+SLLGradients.h */,
				BA2AFF6522805EA800C7B37E /* CAGradientLayer+SLLGradients.m */,
			);
			name = Categories;
			sourceTree = "<group>";
		};
		BA355BAB2228247F00EB90C4 = {
			isa = PBXGroup;
			children = (
				BA355BB62228247F00EB90C4 /* GerritApp */,
				BABC240A227395DA006128BD /* GerritAppTests */,
				BA355BB52228247F00EB90C4 /* Products */,
			);
			sourceTree = "<group>";
		};
		BA355BB52228247F00EB90C4 /* Products */ = {
			isa = PBXGroup;
			children = (
				BA355BB42228247F00EB90C4 /* GerritApp.app */,
				BABC2409227395DA006128BD /* GerritAppTests.xctest */,
			);
			name = Products;
			sourceTree = "<group>";
		};
		BA355BB62228247F00EB90C4 /* GerritApp */ = {
			isa = PBXGroup;
			children = (
				BAF9467C2237035800D3F6A8 /* Modules */,
				BAF9467A2236FCCE00D3F6A8 /* Service */,
				BAF946782236FA6500D3F6A8 /* Resources */,
				BA355BB72228247F00EB90C4 /* AppDelegate.h */,
				BA355BB82228247F00EB90C4 /* AppDelegate.m */,
				BA355BC62228248100EB90C4 /* main.m */,
				BA2AFF59227FA35B00C7B37E /* SLLRootCoordinator.h */,
				BA2AFF5A227FA35B00C7B37E /* SLLRootCoordinator.m */,
			);
			path = GerritApp;
			sourceTree = "<group>";
		};
		BA374185226E582A0081591A /* Accounts */ = {
			isa = PBXGroup;
			children = (
				BA355BBA2228247F00EB90C4 /* SLLAccountViewController.h */,
				BA355BBB2228247F00EB90C4 /* SLLAccountViewController.m */,
			);
			name = Accounts;
			sourceTree = "<group>";
		};
		BA374187226E58C20081591A /* Projects */ = {
			isa = PBXGroup;
			children = (
				BA374192226E678B0081591A /* SLLProjectViewController.h */,
				BA374193226E678B0081591A /* SLLProjectViewController.m */,
			);
			name = Projects;
			sourceTree = "<group>";
		};
		BA374197226F18E60081591A /* Changes */ = {
			isa = PBXGroup;
			children = (
				BA37418F226E67760081591A /* SLLChangeViewController.h */,
				BA374190226E67760081591A /* SLLChangeViewController.m */,
				BA2AFF5D22800F3E00C7B37E /* SLLChangesTableViewCell.h */,
				BA2AFF5E22800F3E00C7B37E /* SLLChangesTableViewCell.m */,
				BA2AFF56227F9CD400C7B37E /* SLLChangePresenter.h */,
				BA2AFF57227F9CD400C7B37E /* SLLChangePresenter.m */,
				BA2AFF5C227FAEE100C7B37E /* SLLChangePresenterProtocol.h */,
			);
			name = Changes;
			sourceTree = "<group>";
		};
		BABC240A227395DA006128BD /* GerritAppTests */ = {
			isa = PBXGroup;
			children = (
				BABC240B227395DA006128BD /* GerritAppTests.m */,
				BABC240D227395DA006128BD /* Info.plist */,
			);
			path = GerritAppTests;
			sourceTree = "<group>";
		};
		BAF946782236FA6500D3F6A8 /* Resources */ = {
			isa = PBXGroup;
			children = (
				BA2D99EB22380832006960C6 /* GoogleService-Info.plist */,
				BA355BC02228248100EB90C4 /* Assets.xcassets */,
				BA355BC52228248100EB90C4 /* Info.plist */,
			);
			name = Resources;
			sourceTree = "<group>";
		};
		BAF9467A2236FCCE00D3F6A8 /* Service */ = {
			isa = PBXGroup;
			children = (
				BAF9467B223702D800D3F6A8 /* NetworkService */,
				BA2AFF52227F73BE00C7B37E /* SLLInteractorMainService.h */,
				BA2AFF53227F73BE00C7B37E /* SLLInteractorMainService.m */,
				BA2AFF55227F81EA00C7B37E /* SLLIntercatorProtocol.h */,
			);
			path = Service;
			sourceTree = "<group>";
		};
		BAF9467B223702D800D3F6A8 /* NetworkService */ = {
			isa = PBXGroup;
			children = (
				BA2CF33322316E9F001EE0C7 /* SLLNetworkProtocol.h */,
				BA2D99E8223807EE006960C6 /* SLLNetworkService.h */,
				BA2D99E9223807EE006960C6 /* SLLNetworkService.m */,
				BA37418A226E5EA20081591A /* SLLNetworkCreateURL.h */,
				BA37418B226E5EA20081591A /* SLLNetworkCreateURL.m */,
			);
			name = NetworkService;
			sourceTree = "<group>";
		};
		BAF9467C2237035800D3F6A8 /* Modules */ = {
			isa = PBXGroup;
			children = (
				BA2AFF6022805C7400C7B37E /* Categories */,
				BA374197226F18E60081591A /* Changes */,
				BA374187226E58C20081591A /* Projects */,
				BA374185226E582A0081591A /* Accounts */,
			);
			path = Modules;
			sourceTree = "<group>";
		};
/* End PBXGroup section */

/* Begin PBXNativeTarget section */
		BA355BB32228247F00EB90C4 /* GerritApp */ = {
			isa = PBXNativeTarget;
			buildConfigurationList = BA355BCA2228248100EB90C4 /* Build configuration list for PBXNativeTarget "GerritApp" */;
			buildPhases = (
				BA355BB02228247F00EB90C4 /* Sources */,
				BA355BB12228247F00EB90C4 /* Frameworks */,
				BA355BB22228247F00EB90C4 /* Resources */,
			);
			buildRules = (
			);
			dependencies = (
			);
			name = GerritApp;
			productName = GerritApp;
			productReference = BA355BB42228247F00EB90C4 /* GerritApp.app */;
			productType = "com.apple.product-type.application";
		};
		BABC2408227395DA006128BD /* GerritAppTests */ = {
			isa = PBXNativeTarget;
			buildConfigurationList = BABC2412227395DA006128BD /* Build configuration list for PBXNativeTarget "GerritAppTests" */;
			buildPhases = (
				BABC2405227395DA006128BD /* Sources */,
				BABC2406227395DA006128BD /* Frameworks */,
				BABC2407227395DA006128BD /* Resources */,
			);
			buildRules = (
			);
			dependencies = (
				BABC240F227395DA006128BD /* PBXTargetDependency */,
			);
			name = GerritAppTests;
			productName = GerritAppTests;
			productReference = BABC2409227395DA006128BD /* GerritAppTests.xctest */;
			productType = "com.apple.product-type.bundle.unit-test";
		};
/* End PBXNativeTarget section */

/* Begin PBXProject section */
		BA355BAC2228247F00EB90C4 /* Project object */ = {
			isa = PBXProject;
			attributes = {
				LastUpgradeCheck = 1010;
				ORGANIZATIONNAME = "Oleg Taranenko";
				TargetAttributes = {
					BA355BB32228247F00EB90C4 = {
						CreatedOnToolsVersion = 10.1;
					};
					BABC2408227395DA006128BD = {
						CreatedOnToolsVersion = 10.2.1;
						TestTargetID = BA355BB32228247F00EB90C4;
					};
				};
			};
			buildConfigurationList = BA355BAF2228247F00EB90C4 /* Build configuration list for PBXProject "GerritApp" */;
			compatibilityVersion = "Xcode 9.3";
			developmentRegion = en;
			hasScannedForEncodings = 0;
			knownRegions = (
				en,
				Base,
			);
			mainGroup = BA355BAB2228247F00EB90C4;
			productRefGroup = BA355BB52228247F00EB90C4 /* Products */;
			projectDirPath = "";
			projectRoot = "";
			targets = (
				BA355BB32228247F00EB90C4 /* GerritApp */,
				BABC2408227395DA006128BD /* GerritAppTests */,
			);
		};
/* End PBXProject section */

/* Begin PBXResourcesBuildPhase section */
		BA355BB22228247F00EB90C4 /* Resources */ = {
			isa = PBXResourcesBuildPhase;
			buildActionMask = 2147483647;
			files = (
				BA355BC12228248100EB90C4 /* Assets.xcassets in Resources */,
				BA2D99EC22380832006960C6 /* GoogleService-Info.plist in Resources */,
			);
			runOnlyForDeploymentPostprocessing = 0;
		};
		BABC2407227395DA006128BD /* Resources */ = {
			isa = PBXResourcesBuildPhase;
			buildActionMask = 2147483647;
			files = (
			);
			runOnlyForDeploymentPostprocessing = 0;
		};
/* End PBXResourcesBuildPhase section */

/* Begin PBXSourcesBuildPhase section */
		BA355BB02228247F00EB90C4 /* Sources */ = {
			isa = PBXSourcesBuildPhase;
			buildActionMask = 2147483647;
			files = (
				BA2D99EA223807EE006960C6 /* SLLNetworkService.m in Sources */,
				BA2AFF6622805EA800C7B37E /* CAGradientLayer+SLLGradients.m in Sources */,
				BA37418C226E5EA20081591A /* SLLNetworkCreateURL.m in Sources */,
				BA2AFF5F22800F3E00C7B37E /* SLLChangesTableViewCell.m in Sources */,
				BA2AFF5B227FA35B00C7B37E /* SLLRootCoordinator.m in Sources */,
				BA355BBC2228247F00EB90C4 /* SLLAccountViewController.m in Sources */,
				BA2AFF54227F73BE00C7B37E /* SLLInteractorMainService.m in Sources */,
				BA355BC72228248100EB90C4 /* main.m in Sources */,
				BA2AFF6322805DA000C7B37E /* UIColor+SLLColors.m in Sources */,
				BA2AFF58227F9CD400C7B37E /* SLLChangePresenter.m in Sources */,
				BA374191226E67760081591A /* SLLChangeViewController.m in Sources */,
				BA355BB92228247F00EB90C4 /* AppDelegate.m in Sources */,
				BA374194226E678B0081591A /* SLLProjectViewController.m in Sources */,
			);
			runOnlyForDeploymentPostprocessing = 0;
		};
		BABC2405227395DA006128BD /* Sources */ = {
			isa = PBXSourcesBuildPhase;
			buildActionMask = 2147483647;
			files = (
				BABC240C227395DA006128BD /* GerritAppTests.m in Sources */,
			);
			runOnlyForDeploymentPostprocessing = 0;
		};
/* End PBXSourcesBuildPhase section */

/* Begin PBXTargetDependency section */
		BABC240F227395DA006128BD /* PBXTargetDependency */ = {
			isa = PBXTargetDependency;
			target = BA355BB32228247F00EB90C4 /* GerritApp */;
			targetProxy = BABC240E227395DA006128BD /* PBXContainerItemProxy */;
		};
/* End PBXTargetDependency section */

/* Begin XCBuildConfiguration section */
		BA355BC82228248100EB90C4 /* Debug */ = {
			isa = XCBuildConfiguration;
			buildSettings = {
				ALWAYS_SEARCH_USER_PATHS = NO;
				CLANG_ANALYZER_NONNULL = YES;
				CLANG_ANALYZER_NUMBER_OBJECT_CONVERSION = YES_AGGRESSIVE;
				CLANG_CXX_LANGUAGE_STANDARD = "gnu++14";
				CLANG_CXX_LIBRARY = "libc++";
				CLANG_ENABLE_MODULES = YES;
				CLANG_ENABLE_OBJC_ARC = YES;
				CLANG_ENABLE_OBJC_WEAK = YES;
				CLANG_WARN_BLOCK_CAPTURE_AUTORELEASING = YES;
				CLANG_WARN_BOOL_CONVERSION = YES;
				CLANG_WARN_COMMA = YES;
				CLANG_WARN_CONSTANT_CONVERSION = YES;
				CLANG_WARN_DEPRECATED_OBJC_IMPLEMENTATIONS = YES;
				CLANG_WARN_DIRECT_OBJC_ISA_USAGE = YES_ERROR;
				CLANG_WARN_DOCUMENTATION_COMMENTS = YES;
				CLANG_WARN_EMPTY_BODY = YES;
				CLANG_WARN_ENUM_CONVERSION = YES;
				CLANG_WARN_INFINITE_RECURSION = YES;
				CLANG_WARN_INT_CONVERSION = YES;
				CLANG_WARN_NON_LITERAL_NULL_CONVERSION = YES;
				CLANG_WARN_OBJC_IMPLICIT_RETAIN_SELF = YES;
				CLANG_WARN_OBJC_LITERAL_CONVERSION = YES;
				CLANG_WARN_OBJC_ROOT_CLASS = YES_ERROR;
				CLANG_WARN_RANGE_LOOP_ANALYSIS = YES;
				CLANG_WARN_STRICT_PROTOTYPES = YES;
				CLANG_WARN_SUSPICIOUS_MOVE = YES;
				CLANG_WARN_UNGUARDED_AVAILABILITY = YES_AGGRESSIVE;
				CLANG_WARN_UNREACHABLE_CODE = YES;
				CLANG_WARN__DUPLICATE_METHOD_MATCH = YES;
				CODE_SIGN_IDENTITY = "iPhone Developer";
				COPY_PHASE_STRIP = NO;
				DEBUG_INFORMATION_FORMAT = dwarf;
				ENABLE_STRICT_OBJC_MSGSEND = YES;
				ENABLE_TESTABILITY = YES;
				GCC_C_LANGUAGE_STANDARD = gnu11;
				GCC_DYNAMIC_NO_PIC = NO;
				GCC_NO_COMMON_BLOCKS = YES;
				GCC_OPTIMIZATION_LEVEL = 0;
				GCC_PREPROCESSOR_DEFINITIONS = (
					"DEBUG=1",
					"$(inherited)",
				);
				GCC_WARN_64_TO_32_BIT_CONVERSION = YES;
				GCC_WARN_ABOUT_RETURN_TYPE = YES_ERROR;
				GCC_WARN_UNDECLARED_SELECTOR = YES;
				GCC_WARN_UNINITIALIZED_AUTOS = YES_AGGRESSIVE;
				GCC_WARN_UNUSED_FUNCTION = YES;
				GCC_WARN_UNUSED_VARIABLE = YES;
				IPHONEOS_DEPLOYMENT_TARGET = 12.1;
				MTL_ENABLE_DEBUG_INFO = INCLUDE_SOURCE;
				MTL_FAST_MATH = YES;
				ONLY_ACTIVE_ARCH = YES;
				SDKROOT = iphoneos;
			};
			name = Debug;
		};
		BA355BC92228248100EB90C4 /* Release */ = {
			isa = XCBuildConfiguration;
			buildSettings = {
				ALWAYS_SEARCH_USER_PATHS = NO;
				CLANG_ANALYZER_NONNULL = YES;
				CLANG_ANALYZER_NUMBER_OBJECT_CONVERSION = YES_AGGRESSIVE;
				CLANG_CXX_LANGUAGE_STANDARD = "gnu++14";
				CLANG_CXX_LIBRARY = "libc++";
				CLANG_ENABLE_MODULES = YES;
				CLANG_ENABLE_OBJC_ARC = YES;
				CLANG_ENABLE_OBJC_WEAK = YES;
				CLANG_WARN_BLOCK_CAPTURE_AUTORELEASING = YES;
				CLANG_WARN_BOOL_CONVERSION = YES;
				CLANG_WARN_COMMA = YES;
				CLANG_WARN_CONSTANT_CONVERSION = YES;
				CLANG_WARN_DEPRECATED_OBJC_IMPLEMENTATIONS = YES;
				CLANG_WARN_DIRECT_OBJC_ISA_USAGE = YES_ERROR;
				CLANG_WARN_DOCUMENTATION_COMMENTS = YES;
				CLANG_WARN_EMPTY_BODY = YES;
				CLANG_WARN_ENUM_CONVERSION = YES;
				CLANG_WARN_INFINITE_RECURSION = YES;
				CLANG_WARN_INT_CONVERSION = YES;
				CLANG_WARN_NON_LITERAL_NULL_CONVERSION = YES;
				CLANG_WARN_OBJC_IMPLICIT_RETAIN_SELF = YES;
				CLANG_WARN_OBJC_LITERAL_CONVERSION = YES;
				CLANG_WARN_OBJC_ROOT_CLASS = YES_ERROR;
				CLANG_WARN_RANGE_LOOP_ANALYSIS = YES;
				CLANG_WARN_STRICT_PROTOTYPES = YES;
				CLANG_WARN_SUSPICIOUS_MOVE = YES;
				CLANG_WARN_UNGUARDED_AVAILABILITY = YES_AGGRESSIVE;
				CLANG_WARN_UNREACHABLE_CODE = YES;
				CLANG_WARN__DUPLICATE_METHOD_MATCH = YES;
				CODE_SIGN_IDENTITY = "iPhone Developer";
				COPY_PHASE_STRIP = NO;
				DEBUG_INFORMATION_FORMAT = "dwarf-with-dsym";
				ENABLE_NS_ASSERTIONS = NO;
				ENABLE_STRICT_OBJC_MSGSEND = YES;
				GCC_C_LANGUAGE_STANDARD = gnu11;
				GCC_NO_COMMON_BLOCKS = YES;
				GCC_WARN_64_TO_32_BIT_CONVERSION = YES;
				GCC_WARN_ABOUT_RETURN_TYPE = YES_ERROR;
				GCC_WARN_UNDECLARED_SELECTOR = YES;
				GCC_WARN_UNINITIALIZED_AUTOS = YES_AGGRESSIVE;
				GCC_WARN_UNUSED_FUNCTION = YES;
				GCC_WARN_UNUSED_VARIABLE = YES;
				IPHONEOS_DEPLOYMENT_TARGET = 12.1;
				MTL_ENABLE_DEBUG_INFO = NO;
				MTL_FAST_MATH = YES;
				SDKROOT = iphoneos;
				VALIDATE_PRODUCT = YES;
			};
			name = Release;
		};
		BA355BCB2228248100EB90C4 /* Debug */ = {
			isa = XCBuildConfiguration;
			buildSettings = {
				ASSETCATALOG_COMPILER_APPICON_NAME = AppIcon;
				ASSETCATALOG_COMPILER_LAUNCHIMAGE_NAME = LaunchImage;
				CODE_SIGN_IDENTITY = "iPhone Developer";
				CODE_SIGN_STYLE = Automatic;
				DEVELOPMENT_TEAM = 37S8XGT8LR;
				INFOPLIST_FILE = GerritApp/Info.plist;
				LD_RUNPATH_SEARCH_PATHS = (
					"$(inherited)",
					"@executable_path/Frameworks",
				);
				PRODUCT_BUNDLE_IDENTIFIER = com.soulocal.GerritApp;
				PRODUCT_NAME = "$(TARGET_NAME)";
				PROVISIONING_PROFILE_SPECIFIER = "";
				TARGETED_DEVICE_FAMILY = 1;
			};
			name = Debug;
		};
		BA355BCC2228248100EB90C4 /* Release */ = {
			isa = XCBuildConfiguration;
			buildSettings = {
				ASSETCATALOG_COMPILER_APPICON_NAME = AppIcon;
				ASSETCATALOG_COMPILER_LAUNCHIMAGE_NAME = LaunchImage;
				CODE_SIGN_IDENTITY = "iPhone Developer";
				CODE_SIGN_STYLE = Automatic;
				DEVELOPMENT_TEAM = 37S8XGT8LR;
				INFOPLIST_FILE = GerritApp/Info.plist;
				LD_RUNPATH_SEARCH_PATHS = (
					"$(inherited)",
					"@executable_path/Frameworks",
				);
				PRODUCT_BUNDLE_IDENTIFIER = com.soulocal.GerritApp;
				PRODUCT_NAME = "$(TARGET_NAME)";
				PROVISIONING_PROFILE_SPECIFIER = "";
				TARGETED_DEVICE_FAMILY = 1;
			};
			name = Release;
		};
		BABC2410227395DA006128BD /* Debug */ = {
			isa = XCBuildConfiguration;
			buildSettings = {
				BUNDLE_LOADER = "$(TEST_HOST)";
				CODE_SIGN_STYLE = Automatic;
				DEVELOPMENT_TEAM = 37S8XGT8LR;
				INFOPLIST_FILE = GerritAppTests/Info.plist;
				IPHONEOS_DEPLOYMENT_TARGET = 12.2;
				LD_RUNPATH_SEARCH_PATHS = (
					"$(inherited)",
					"@executable_path/Frameworks",
					"@loader_path/Frameworks",
				);
				PRODUCT_BUNDLE_IDENTIFIER = com.soulocal.GerritAppTests;
				PRODUCT_NAME = "$(TARGET_NAME)";
				TARGETED_DEVICE_FAMILY = "1,2";
				TEST_HOST = "$(BUILT_PRODUCTS_DIR)/GerritApp.app/GerritApp";
			};
			name = Debug;
		};
		BABC2411227395DA006128BD /* Release */ = {
			isa = XCBuildConfiguration;
			buildSettings = {
				BUNDLE_LOADER = "$(TEST_HOST)";
				CODE_SIGN_STYLE = Automatic;
				DEVELOPMENT_TEAM = 37S8XGT8LR;
				INFOPLIST_FILE = GerritAppTests/Info.plist;
				IPHONEOS_DEPLOYMENT_TARGET = 12.2;
				LD_RUNPATH_SEARCH_PATHS = (
					"$(inherited)",
					"@executable_path/Frameworks",
					"@loader_path/Frameworks",
				);
				PRODUCT_BUNDLE_IDENTIFIER = com.soulocal.GerritAppTests;
				PRODUCT_NAME = "$(TARGET_NAME)";
				TARGETED_DEVICE_FAMILY = "1,2";
				TEST_HOST = "$(BUILT_PRODUCTS_DIR)/GerritApp.app/GerritApp";
			};
			name = Release;
		};
/* End XCBuildConfiguration section */

/* Begin XCConfigurationList section */
		BA355BAF2228247F00EB90C4 /* Build configuration list for PBXProject "GerritApp" */ = {
			isa = XCConfigurationList;
			buildConfigurations = (
				BA355BC82228248100EB90C4 /* Debug */,
				BA355BC92228248100EB90C4 /* Release */,
			);
			defaultConfigurationIsVisible = 0;
			defaultConfigurationName = Release;
		};
		BA355BCA2228248100EB90C4 /* Build configuration list for PBXNativeTarget "GerritApp" */ = {
			isa = XCConfigurationList;
			buildConfigurations = (
				BA355BCB2228248100EB90C4 /* Debug */,
				BA355BCC2228248100EB90C4 /* Release */,
			);
			defaultConfigurationIsVisible = 0;
			defaultConfigurationName = Release;
		};
		BABC2412227395DA006128BD /* Build configuration list for PBXNativeTarget "GerritAppTests" */ = {
			isa = XCConfigurationList;
			buildConfigurations = (
				BABC2410227395DA006128BD /* Debug */,
				BABC2411227395DA006128BD /* Release */,
			);
			defaultConfigurationIsVisible = 0;
			defaultConfigurationName = Release;
		};
/* End XCConfigurationList section */
	};
	rootObject = BA355BAC2228247F00EB90C4 /* Project object */;
}
